
Microsoft Visual Studio Solution File, Format Version 12.00
# Visual Studio 15
VisualStudioVersion = 15.0.28010.2048
MinimumVisualStudioVersion = 10.0.40219.1
Project("{FAE04EC0-301F-11D3-BF4B-00C04F79EFBC}") = "Core", "Core\Core.csproj", "{EF10C052-5948-4AE9-81FD-72AD7BD610A2}"
EndProject
Project("{FAE04EC0-301F-11D3-BF4B-00C04F79EFBC}") = "TreeViewConsoleApp", "TreeViewConsoleApp\TreeViewConsoleApp.csproj", "{8629D610-3CD7-475C-BDC7-01EE1740D589}"
EndProject
Project("{FAE04EC0-301F-11D3-BF4B-00C04F79EFBC}") = "WindowUI", "WindowUI\WindowUI.csproj", "{E859F062-67F7-4ED4-8677-D2B10152858A}"
EndProject
Project("{FAE04EC0-301F-11D3-BF4B-00C04F79EFBC}") = "Logging", "Logging\Logging.csproj", "{7F8ECDD4-A05B-4117-B9FA-26358C9510F3}"
EndProject
Project("{2150E333-8FDC-42A3-9474-1A3956D46DE8}") = "UnitTests", "UnitTests", "{A96952E6-DB21-4280-BF5C-0E56370E46C8}"
EndProject
Project("{FAE04EC0-301F-11D3-BF4B-00C04F79EFBC}") = "SharedUILogic.Tests", "SharedUILogic.Tests\SharedUILogic.Tests.csproj", "{8B9F8F70-F6F3-430B-9B21-73DA05BDB4C8}"
EndProject
Project("{FAE04EC0-301F-11D3-BF4B-00C04F79EFBC}") = "ReflectionLoading", "ReflectionLoading\ReflectionLoading.csproj", "{906B8659-9FD6-47F0-AC87-A83D2EAA8D46}"
EndProject
Project("{FAE04EC0-301F-11D3-BF4B-00C04F79EFBC}") = "UILogic", "UILogic\UILogic.csproj", "{A8C9280C-D9D2-4460-8E9A-8B890945AE05}"
EndProject
Project("{FAE04EC0-301F-11D3-BF4B-00C04F79EFBC}") = "TestLibrary", "TestLibrary\TestLibrary.csproj", "{051825CA-8C4F-4780-90B2-81CA1452D659}"
EndProject
Project("{FAE04EC0-301F-11D3-BF4B-00C04F79EFBC}") = "ReflectionTests", "ReflectionTests\ReflectionTests.csproj", "{356910E6-8664-4FD4-A165-74A2490ED88D}"
EndProject
Project("{9A19103F-16F7-4668-BE54-9A1E7A4F7556}") = "XmlSerialization", "XmlSerialization\XmlSerialization.csproj", "{53BEA11C-6D61-4333-BF2B-B39FE7EE704C}"
EndProject
Project("{FAE04EC0-301F-11D3-BF4B-00C04F79EFBC}") = "XmlSerialization.Tests", "XmlSerialization.Tests\XmlSerialization.Tests.csproj", "{1FDF02FF-0C72-4036-B5EE-613D761C1A48}"
EndProject
Project("{FAE04EC0-301F-11D3-BF4B-00C04F79EFBC}") = "BaseCore", "BaseCore\BaseCore.csproj", "{D15AB0DE-9C0B-4109-8019-2D30BEA7C666}"
EndProject
Project("{FAE04EC0-301F-11D3-BF4B-00C04F79EFBC}") = "Logic", "Logic\Logic.csproj", "{B791455B-4966-4459-96CC-A9B603193AB7}"
EndProject
Global
	GlobalSection(SolutionConfigurationPlatforms) = preSolution
		Debug|Any CPU = Debug|Any CPU
		Release|Any CPU = Release|Any CPU
	EndGlobalSection
	GlobalSection(ProjectConfigurationPlatforms) = postSolution
		{EF10C052-5948-4AE9-81FD-72AD7BD610A2}.Debug|Any CPU.ActiveCfg = Debug|Any CPU
		{EF10C052-5948-4AE9-81FD-72AD7BD610A2}.Debug|Any CPU.Build.0 = Debug|Any CPU
		{EF10C052-5948-4AE9-81FD-72AD7BD610A2}.Release|Any CPU.ActiveCfg = Release|Any CPU
		{EF10C052-5948-4AE9-81FD-72AD7BD610A2}.Release|Any CPU.Build.0 = Release|Any CPU
		{8629D610-3CD7-475C-BDC7-01EE1740D589}.Debug|Any CPU.ActiveCfg = Debug|Any CPU
		{8629D610-3CD7-475C-BDC7-01EE1740D589}.Debug|Any CPU.Build.0 = Debug|Any CPU
		{8629D610-3CD7-475C-BDC7-01EE1740D589}.Release|Any CPU.ActiveCfg = Release|Any CPU
		{8629D610-3CD7-475C-BDC7-01EE1740D589}.Release|Any CPU.Build.0 = Release|Any CPU
		{E859F062-67F7-4ED4-8677-D2B10152858A}.Debug|Any CPU.ActiveCfg = Debug|Any CPU
		{E859F062-67F7-4ED4-8677-D2B10152858A}.Debug|Any CPU.Build.0 = Debug|Any CPU
		{E859F062-67F7-4ED4-8677-D2B10152858A}.Release|Any CPU.ActiveCfg = Release|Any CPU
		{E859F062-67F7-4ED4-8677-D2B10152858A}.Release|Any CPU.Build.0 = Release|Any CPU
		{7F8ECDD4-A05B-4117-B9FA-26358C9510F3}.Debug|Any CPU.ActiveCfg = Debug|Any CPU
		{7F8ECDD4-A05B-4117-B9FA-26358C9510F3}.Debug|Any CPU.Build.0 = Debug|Any CPU
		{7F8ECDD4-A05B-4117-B9FA-26358C9510F3}.Release|Any CPU.ActiveCfg = Release|Any CPU
		{7F8ECDD4-A05B-4117-B9FA-26358C9510F3}.Release|Any CPU.Build.0 = Release|Any CPU
		{8B9F8F70-F6F3-430B-9B21-73DA05BDB4C8}.Debug|Any CPU.ActiveCfg = Debug|Any CPU
		{8B9F8F70-F6F3-430B-9B21-73DA05BDB4C8}.Debug|Any CPU.Build.0 = Debug|Any CPU
		{8B9F8F70-F6F3-430B-9B21-73DA05BDB4C8}.Release|Any CPU.ActiveCfg = Release|Any CPU
		{8B9F8F70-F6F3-430B-9B21-73DA05BDB4C8}.Release|Any CPU.Build.0 = Release|Any CPU
		{906B8659-9FD6-47F0-AC87-A83D2EAA8D46}.Debug|Any CPU.ActiveCfg = Debug|Any CPU
		{906B8659-9FD6-47F0-AC87-A83D2EAA8D46}.Debug|Any CPU.Build.0 = Debug|Any CPU
		{906B8659-9FD6-47F0-AC87-A83D2EAA8D46}.Release|Any CPU.ActiveCfg = Release|Any CPU
		{906B8659-9FD6-47F0-AC87-A83D2EAA8D46}.Release|Any CPU.Build.0 = Release|Any CPU
		{A8C9280C-D9D2-4460-8E9A-8B890945AE05}.Debug|Any CPU.ActiveCfg = Debug|Any CPU
		{A8C9280C-D9D2-4460-8E9A-8B890945AE05}.Debug|Any CPU.Build.0 = Debug|Any CPU
		{A8C9280C-D9D2-4460-8E9A-8B890945AE05}.Release|Any CPU.ActiveCfg = Release|Any CPU
		{A8C9280C-D9D2-4460-8E9A-8B890945AE05}.Release|Any CPU.Build.0 = Release|Any CPU
		{051825CA-8C4F-4780-90B2-81CA1452D659}.Debug|Any CPU.ActiveCfg = Debug|Any CPU
		{051825CA-8C4F-4780-90B2-81CA1452D659}.Debug|Any CPU.Build.0 = Debug|Any CPU
		{051825CA-8C4F-4780-90B2-81CA1452D659}.Release|Any CPU.ActiveCfg = Release|Any CPU
		{051825CA-8C4F-4780-90B2-81CA1452D659}.Release|Any CPU.Build.0 = Release|Any CPU
		{356910E6-8664-4FD4-A165-74A2490ED88D}.Debug|Any CPU.ActiveCfg = Debug|Any CPU
		{356910E6-8664-4FD4-A165-74A2490ED88D}.Debug|Any CPU.Build.0 = Debug|Any CPU
		{356910E6-8664-4FD4-A165-74A2490ED88D}.Release|Any CPU.ActiveCfg = Release|Any CPU
		{356910E6-8664-4FD4-A165-74A2490ED88D}.Release|Any CPU.Build.0 = Release|Any CPU
		{53BEA11C-6D61-4333-BF2B-B39FE7EE704C}.Debug|Any CPU.ActiveCfg = Debug|Any CPU
		{53BEA11C-6D61-4333-BF2B-B39FE7EE704C}.Debug|Any CPU.Build.0 = Debug|Any CPU
		{53BEA11C-6D61-4333-BF2B-B39FE7EE704C}.Release|Any CPU.ActiveCfg = Release|Any CPU
		{53BEA11C-6D61-4333-BF2B-B39FE7EE704C}.Release|Any CPU.Build.0 = Release|Any CPU
		{1FDF02FF-0C72-4036-B5EE-613D761C1A48}.Debug|Any CPU.ActiveCfg = Debug|Any CPU
		{1FDF02FF-0C72-4036-B5EE-613D761C1A48}.Debug|Any CPU.Build.0 = Debug|Any CPU
		{1FDF02FF-0C72-4036-B5EE-613D761C1A48}.Release|Any CPU.ActiveCfg = Release|Any CPU
		{1FDF02FF-0C72-4036-B5EE-613D761C1A48}.Release|Any CPU.Build.0 = Release|Any CPU
		{D15AB0DE-9C0B-4109-8019-2D30BEA7C666}.Debug|Any CPU.ActiveCfg = Debug|Any CPU
		{D15AB0DE-9C0B-4109-8019-2D30BEA7C666}.Debug|Any CPU.Build.0 = Debug|Any CPU
		{D15AB0DE-9C0B-4109-8019-2D30BEA7C666}.Release|Any CPU.ActiveCfg = Release|Any CPU
		{D15AB0DE-9C0B-4109-8019-2D30BEA7C666}.Release|Any CPU.Build.0 = Release|Any CPU
		{B791455B-4966-4459-96CC-A9B603193AB7}.Debug|Any CPU.ActiveCfg = Debug|Any CPU
		{B791455B-4966-4459-96CC-A9B603193AB7}.Debug|Any CPU.Build.0 = Debug|Any CPU
		{B791455B-4966-4459-96CC-A9B603193AB7}.Release|Any CPU.ActiveCfg = Release|Any CPU
		{B791455B-4966-4459-96CC-A9B603193AB7}.Release|Any CPU.Build.0 = Release|Any CPU
	EndGlobalSection
	GlobalSection(SolutionProperties) = preSolution
		HideSolutionNode = FALSE
	EndGlobalSection
	GlobalSection(NestedProjects) = preSolution
		{8B9F8F70-F6F3-430B-9B21-73DA05BDB4C8} = {A96952E6-DB21-4280-BF5C-0E56370E46C8}
		{051825CA-8C4F-4780-90B2-81CA1452D659} = {A96952E6-DB21-4280-BF5C-0E56370E46C8}
		{356910E6-8664-4FD4-A165-74A2490ED88D} = {A96952E6-DB21-4280-BF5C-0E56370E46C8}
		{1FDF02FF-0C72-4036-B5EE-613D761C1A48} = {A96952E6-DB21-4280-BF5C-0E56370E46C8}
	EndGlobalSection
	GlobalSection(ExtensibilityGlobals) = postSolution
		SolutionGuid = {8B1725C1-62DB-4E50-8BA1-379938AE5123}
	EndGlobalSection
EndGlobal
